{
    "name": "@cloud-technology/npm-outdated",
    "version": "0.0.2",
    "lockfileVersion": 2,
    "requires": true,
    "packages": {
        "": {
            "name": "@cloud-technology/npm-outdated",
            "version": "0.0.2",
            "license": "BSD-3-Clause",
            "bin": {
                "npm-outdated": "Start.js"
            }
        }
    }
}
