{
    "name": "@cloud-technology/npm-outdated",
    "version": "0.0.2",
    "lockfileVersion": 2,
    "requires": true,
    "packages": {
        "": {
            "name": "@cloud-technology/npm-outdated",
            "version": "0.0.2",
            "license": "BSD-3-Clause",
            "bin": {
                "npm-outdated": "Start.js"
            },
            "devDependencies": {
                "@cloud-technology/npm-outdated": "cloud-hybrid/npm-outdated#Development"
            }
        },
        "node_modules/@cloud-technology/npm-outdated": {
            "version": "0.0.2",
            "resolved": "git+ssh://git@github.com/cloud-hybrid/npm-outdated.git#8ff75ae84866abdfd29219cb542e08df3fe57479",
            "dev": true,
            "license": "BSD-3-Clause",
            "bin": {
                "npm-outdated": "Start.js"
            }
        }
    },
    "dependencies": {
        "@cloud-technology/npm-outdated": {
            "version": "git+ssh://git@github.com/cloud-hybrid/npm-outdated.git#8ff75ae84866abdfd29219cb542e08df3fe57479",
            "dev": true,
            "from": "@cloud-technology/npm-outdated@cloud-hybrid/npm-outdated#Development"
        }
    }
}
